// !$*UTF8*$!
{
	archiveVersion = 1;
	classes = {
	};
	objectVersion = 50;
	objects = {

/* Begin PBXBuildFile section */
		58134DD42621E4C50024EB58 /* AppDelegate.swift in Sources */ = {isa = PBXBuildFile; fileRef = 58134DD32621E4C50024EB58 /* AppDelegate.swift */; };
		58134DD82621E4C50024EB58 /* ViewController.swift in Sources */ = {isa = PBXBuildFile; fileRef = 58134DD72621E4C50024EB58 /* ViewController.swift */; };
		58134DDD2621E4CC0024EB58 /* Assets.xcassets in Resources */ = {isa = PBXBuildFile; fileRef = 58134DDC2621E4CC0024EB58 /* Assets.xcassets */; };
		58134DE02621E4CC0024EB58 /* LaunchScreen.storyboard in Resources */ = {isa = PBXBuildFile; fileRef = 58134DDE2621E4CC0024EB58 /* LaunchScreen.storyboard */; };
		58134DEB2621E4CD0024EB58 /* BMS_Mobile_AssignmentTests.swift in Sources */ = {isa = PBXBuildFile; fileRef = 58134DEA2621E4CD0024EB58 /* BMS_Mobile_AssignmentTests.swift */; };
		58134DF62621E4CD0024EB58 /* BMS_Mobile_AssignmentUITests.swift in Sources */ = {isa = PBXBuildFile; fileRef = 58134DF52621E4CD0024EB58 /* BMS_Mobile_AssignmentUITests.swift */; };
/* End PBXBuildFile section */

/* Begin PBXContainerItemProxy section */
		58134DE72621E4CD0024EB58 /* PBXContainerItemProxy */ = {
			isa = PBXContainerItemProxy;
			containerPortal = 58134DC82621E4C50024EB58 /* Project object */;
			proxyType = 1;
			remoteGlobalIDString = 58134DCF2621E4C50024EB58;
			remoteInfo = "BMS Mobile Assignment";
		};
		58134DF22621E4CD0024EB58 /* PBXContainerItemProxy */ = {
			isa = PBXContainerItemProxy;
			containerPortal = 58134DC82621E4C50024EB58 /* Project object */;
			proxyType = 1;
			remoteGlobalIDString = 58134DCF2621E4C50024EB58;
			remoteInfo = "BMS Mobile Assignment";
		};
/* End PBXContainerItemProxy section */

/* Begin PBXFileReference section */
		58134DD02621E4C50024EB58 /* BMS Mobile Assignment.app */ = {isa = PBXFileReference; explicitFileType = wrapper.application; includeInIndex = 0; path = "BMS Mobile Assignment.app"; sourceTree = BUILT_PRODUCTS_DIR; };
		58134DD32621E4C50024EB58 /* AppDelegate.swift */ = {isa = PBXFileReference; lastKnownFileType = sourcecode.swift; path = AppDelegate.swift; sourceTree = "<group>"; };
		58134DD72621E4C50024EB58 /* ViewController.swift */ = {isa = PBXFileReference; lastKnownFileType = sourcecode.swift; path = ViewController.swift; sourceTree = "<group>"; };
		58134DDC2621E4CC0024EB58 /* Assets.xcassets */ = {isa = PBXFileReference; lastKnownFileType = folder.assetcatalog; path = Assets.xcassets; sourceTree = "<group>"; };
		58134DDF2621E4CC0024EB58 /* Base */ = {isa = PBXFileReference; lastKnownFileType = file.storyboard; name = Base; path = Base.lproj/LaunchScreen.storyboard; sourceTree = "<group>"; };
		58134DE12621E4CC0024EB58 /* Info.plist */ = {isa = PBXFileReference; lastKnownFileType = text.plist.xml; path = Info.plist; sourceTree = "<group>"; };
		58134DE62621E4CD0024EB58 /* BMS Mobile AssignmentTests.xctest */ = {isa = PBXFileReference; explicitFileType = wrapper.cfbundle; includeInIndex = 0; path = "BMS Mobile AssignmentTests.xctest"; sourceTree = BUILT_PRODUCTS_DIR; };
		58134DEA2621E4CD0024EB58 /* BMS_Mobile_AssignmentTests.swift */ = {isa = PBXFileReference; lastKnownFileType = sourcecode.swift; path = BMS_Mobile_AssignmentTests.swift; sourceTree = "<group>"; };
		58134DEC2621E4CD0024EB58 /* Info.plist */ = {isa = PBXFileReference; lastKnownFileType = text.plist.xml; path = Info.plist; sourceTree = "<group>"; };
		58134DF12621E4CD0024EB58 /* BMS Mobile AssignmentUITests.xctest */ = {isa = PBXFileReference; explicitFileType = wrapper.cfbundle; includeInIndex = 0; path = "BMS Mobile AssignmentUITests.xctest"; sourceTree = BUILT_PRODUCTS_DIR; };
		58134DF52621E4CD0024EB58 /* BMS_Mobile_AssignmentUITests.swift */ = {isa = PBXFileReference; lastKnownFileType = sourcecode.swift; path = BMS_Mobile_AssignmentUITests.swift; sourceTree = "<group>"; };
		58134DF72621E4CD0024EB58 /* Info.plist */ = {isa = PBXFileReference; lastKnownFileType = text.plist.xml; path = Info.plist; sourceTree = "<group>"; };
/* End PBXFileReference section */

/* Begin PBXFrameworksBuildPhase section */
		58134DCD2621E4C50024EB58 /* Frameworks */ = {
			isa = PBXFrameworksBuildPhase;
			buildActionMask = 2147483647;
			files = (
			);
			runOnlyForDeploymentPostprocessing = 0;
		};
		58134DE32621E4CD0024EB58 /* Frameworks */ = {
			isa = PBXFrameworksBuildPhase;
			buildActionMask = 2147483647;
			files = (
			);
			runOnlyForDeploymentPostprocessing = 0;
		};
		58134DEE2621E4CD0024EB58 /* Frameworks */ = {
			isa = PBXFrameworksBuildPhase;
			buildActionMask = 2147483647;
			files = (
			);
			runOnlyForDeploymentPostprocessing = 0;
		};
/* End PBXFrameworksBuildPhase section */

/* Begin PBXGroup section */
		58134DC72621E4C50024EB58 = {
			isa = PBXGroup;
			children = (
				58134DD22621E4C50024EB58 /* BMS Mobile Assignment */,
				58134DE92621E4CD0024EB58 /* BMS Mobile AssignmentTests */,
				58134DF42621E4CD0024EB58 /* BMS Mobile AssignmentUITests */,
				58134DD12621E4C50024EB58 /* Products */,
			);
			sourceTree = "<group>";
		};
		58134DD12621E4C50024EB58 /* Products */ = {
			isa = PBXGroup;
			children = (
				58134DD02621E4C50024EB58 /* BMS Mobile Assignment.app */,
				58134DE62621E4CD0024EB58 /* BMS Mobile AssignmentTests.xctest */,
				58134DF12621E4CD0024EB58 /* BMS Mobile AssignmentUITests.xctest */,
			);
			name = Products;
			sourceTree = "<group>";
		};
		58134DD22621E4C50024EB58 /* BMS Mobile Assignment */ = {
			isa = PBXGroup;
			children = (
				58134E122621F9830024EB58 /* Supporting Files */,
				58134DD72621E4C50024EB58 /* ViewController.swift */,
			);
			path = "BMS Mobile Assignment";
			sourceTree = "<group>";
		};
		58134DE92621E4CD0024EB58 /* BMS Mobile AssignmentTests */ = {
			isa = PBXGroup;
			children = (
				58134DEA2621E4CD0024EB58 /* BMS_Mobile_AssignmentTests.swift */,
				58134DEC2621E4CD0024EB58 /* Info.plist */,
			);
			path = "BMS Mobile AssignmentTests";
			sourceTree = "<group>";
		};
		58134DF42621E4CD0024EB58 /* BMS Mobile AssignmentUITests */ = {
			isa = PBXGroup;
			children = (
				58134DF52621E4CD0024EB58 /* BMS_Mobile_AssignmentUITests.swift */,
				58134DF72621E4CD0024EB58 /* Info.plist */,
			);
			path = "BMS Mobile AssignmentUITests";
			sourceTree = "<group>";
		};
		58134E122621F9830024EB58 /* Supporting Files */ = {
			isa = PBXGroup;
			children = (
				58134DD32621E4C50024EB58 /* AppDelegate.swift */,
				58134DDE2621E4CC0024EB58 /* LaunchScreen.storyboard */,
				58134DDC2621E4CC0024EB58 /* Assets.xcassets */,
				58134DE12621E4CC0024EB58 /* Info.plist */,
			);
			path = "Supporting Files";
			sourceTree = "<group>";
		};
/* End PBXGroup section */

/* Begin PBXNativeTarget section */
		58134DCF2621E4C50024EB58 /* BMS Mobile Assignment */ = {
			isa = PBXNativeTarget;
			buildConfigurationList = 58134DFA2621E4CD0024EB58 /* Build configuration list for PBXNativeTarget "BMS Mobile Assignment" */;
			buildPhases = (
				58134DCC2621E4C50024EB58 /* Sources */,
				58134DCD2621E4C50024EB58 /* Frameworks */,
				58134DCE2621E4C50024EB58 /* Resources */,
			);
			buildRules = (
			);
			dependencies = (
			);
			name = "BMS Mobile Assignment";
			productName = "BMS Mobile Assignment";
			productReference = 58134DD02621E4C50024EB58 /* BMS Mobile Assignment.app */;
			productType = "com.apple.product-type.application";
		};
		58134DE52621E4CD0024EB58 /* BMS Mobile AssignmentTests */ = {
			isa = PBXNativeTarget;
			buildConfigurationList = 58134DFD2621E4CD0024EB58 /* Build configuration list for PBXNativeTarget "BMS Mobile AssignmentTests" */;
			buildPhases = (
				58134DE22621E4CD0024EB58 /* Sources */,
				58134DE32621E4CD0024EB58 /* Frameworks */,
				58134DE42621E4CD0024EB58 /* Resources */,
			);
			buildRules = (
			);
			dependencies = (
				58134DE82621E4CD0024EB58 /* PBXTargetDependency */,
			);
			name = "BMS Mobile AssignmentTests";
			productName = "BMS Mobile AssignmentTests";
			productReference = 58134DE62621E4CD0024EB58 /* BMS Mobile AssignmentTests.xctest */;
			productType = "com.apple.product-type.bundle.unit-test";
		};
		58134DF02621E4CD0024EB58 /* BMS Mobile AssignmentUITests */ = {
			isa = PBXNativeTarget;
			buildConfigurationList = 58134E002621E4CD0024EB58 /* Build configuration list for PBXNativeTarget "BMS Mobile AssignmentUITests" */;
			buildPhases = (
				58134DED2621E4CD0024EB58 /* Sources */,
				58134DEE2621E4CD0024EB58 /* Frameworks */,
				58134DEF2621E4CD0024EB58 /* Resources */,
			);
			buildRules = (
			);
			dependencies = (
				58134DF32621E4CD0024EB58 /* PBXTargetDependency */,
			);
			name = "BMS Mobile AssignmentUITests";
			productName = "BMS Mobile AssignmentUITests";
			productReference = 58134DF12621E4CD0024EB58 /* BMS Mobile AssignmentUITests.xctest */;
			productType = "com.apple.product-type.bundle.ui-testing";
		};
/* End PBXNativeTarget section */

/* Begin PBXProject section */
		58134DC82621E4C50024EB58 /* Project object */ = {
			isa = PBXProject;
			attributes = {
				LastSwiftUpdateCheck = 1220;
				LastUpgradeCheck = 1220;
				TargetAttributes = {
					58134DCF2621E4C50024EB58 = {
						CreatedOnToolsVersion = 12.2;
					};
					58134DE52621E4CD0024EB58 = {
						CreatedOnToolsVersion = 12.2;
						TestTargetID = 58134DCF2621E4C50024EB58;
					};
					58134DF02621E4CD0024EB58 = {
						CreatedOnToolsVersion = 12.2;
						TestTargetID = 58134DCF2621E4C50024EB58;
					};
				};
			};
			buildConfigurationList = 58134DCB2621E4C50024EB58 /* Build configuration list for PBXProject "BMS Mobile Assignment" */;
			compatibilityVersion = "Xcode 9.3";
			developmentRegion = en;
			hasScannedForEncodings = 0;
			knownRegions = (
				en,
				Base,
			);
			mainGroup = 58134DC72621E4C50024EB58;
			productRefGroup = 58134DD12621E4C50024EB58 /* Products */;
			projectDirPath = "";
			projectRoot = "";
			targets = (
				58134DCF2621E4C50024EB58 /* BMS Mobile Assignment */,
				58134DE52621E4CD0024EB58 /* BMS Mobile AssignmentTests */,
				58134DF02621E4CD0024EB58 /* BMS Mobile AssignmentUITests */,
			);
		};
/* End PBXProject section */

/* Begin PBXResourcesBuildPhase section */
		58134DCE2621E4C50024EB58 /* Resources */ = {
			isa = PBXResourcesBuildPhase;
			buildActionMask = 2147483647;
			files = (
				58134DE02621E4CC0024EB58 /* LaunchScreen.storyboard in Resources */,
				58134DDD2621E4CC0024EB58 /* Assets.xcassets in Resources */,
			);
			runOnlyForDeploymentPostprocessing = 0;
		};
		58134DE42621E4CD0024EB58 /* Resources */ = {
			isa = PBXResourcesBuildPhase;
			buildActionMask = 2147483647;
			files = (
			);
			runOnlyForDeploymentPostprocessing = 0;
		};
		58134DEF2621E4CD0024EB58 /* Resources */ = {
			isa = PBXResourcesBuildPhase;
			buildActionMask = 2147483647;
			files = (
			);
			runOnlyForDeploymentPostprocessing = 0;
		};
/* End PBXResourcesBuildPhase section */

/* Begin PBXSourcesBuildPhase section */
		58134DCC2621E4C50024EB58 /* Sources */ = {
			isa = PBXSourcesBuildPhase;
			buildActionMask = 2147483647;
			files = (
				58134DD82621E4C50024EB58 /* ViewController.swift in Sources */,
				58134DD42621E4C50024EB58 /* AppDelegate.swift in Sources */,
			);
			runOnlyForDeploymentPostprocessing = 0;
		};
		58134DE22621E4CD0024EB58 /* Sources */ = {
			isa = PBXSourcesBuildPhase;
			buildActionMask = 2147483647;
			files = (
				58134DEB2621E4CD0024EB58 /* BMS_Mobile_AssignmentTests.swift in Sources */,
			);
			runOnlyForDeploymentPostprocessing = 0;
		};
		58134DED2621E4CD0024EB58 /* Sources */ = {
			isa = PBXSourcesBuildPhase;
			buildActionMask = 2147483647;
			files = (
				58134DF62621E4CD0024EB58 /* BMS_Mobile_AssignmentUITests.swift in Sources */,
			);
			runOnlyForDeploymentPostprocessing = 0;
		};
/* End PBXSourcesBuildPhase section */

/* Begin PBXTargetDependency section */
		58134DE82621E4CD0024EB58 /* PBXTargetDependency */ = {
			isa = PBXTargetDependency;
			target = 58134DCF2621E4C50024EB58 /* BMS Mobile Assignment */;
			targetProxy = 58134DE72621E4CD0024EB58 /* PBXContainerItemProxy */;
		};
		58134DF32621E4CD0024EB58 /* PBXTargetDependency */ = {
			isa = PBXTargetDependency;
			target = 58134DCF2621E4C50024EB58 /* BMS Mobile Assignment */;
			targetProxy = 58134DF22621E4CD0024EB58 /* PBXContainerItemProxy */;
		};
/* End PBXTargetDependency section */

/* Begin PBXVariantGroup section */
		58134DDE2621E4CC0024EB58 /* LaunchScreen.storyboard */ = {
			isa = PBXVariantGroup;
			children = (
				58134DDF2621E4CC0024EB58 /* Base */,
			);
			name = LaunchScreen.storyboard;
			sourceTree = "<group>";
		};
/* End PBXVariantGroup section */

/* Begin XCBuildConfiguration section */
		58134DF82621E4CD0024EB58 /* Debug */ = {
			isa = XCBuildConfiguration;
			buildSettings = {
				ALWAYS_SEARCH_USER_PATHS = NO;
				CLANG_ANALYZER_NONNULL = YES;
				CLANG_ANALYZER_NUMBER_OBJECT_CONVERSION = YES_AGGRESSIVE;
				CLANG_CXX_LANGUAGE_STANDARD = "gnu++14";
				CLANG_CXX_LIBRARY = "libc++";
				CLANG_ENABLE_MODULES = YES;
				CLANG_ENABLE_OBJC_ARC = YES;
				CLANG_ENABLE_OBJC_WEAK = YES;
				CLANG_WARN_BLOCK_CAPTURE_AUTORELEASING = YES;
				CLANG_WARN_BOOL_CONVERSION = YES;
				CLANG_WARN_COMMA = YES;
				CLANG_WARN_CONSTANT_CONVERSION = YES;
				CLANG_WARN_DEPRECATED_OBJC_IMPLEMENTATIONS = YES;
				CLANG_WARN_DIRECT_OBJC_ISA_USAGE = YES_ERROR;
				CLANG_WARN_DOCUMENTATION_COMMENTS = YES;
				CLANG_WARN_EMPTY_BODY = YES;
				CLANG_WARN_ENUM_CONVERSION = YES;
				CLANG_WARN_INFINITE_RECURSION = YES;
				CLANG_WARN_INT_CONVERSION = YES;
				CLANG_WARN_NON_LITERAL_NULL_CONVERSION = YES;
				CLANG_WARN_OBJC_IMPLICIT_RETAIN_SELF = YES;
				CLANG_WARN_OBJC_LITERAL_CONVERSION = YES;
				CLANG_WARN_OBJC_ROOT_CLASS = YES_ERROR;
				CLANG_WARN_QUOTED_INCLUDE_IN_FRAMEWORK_HEADER = YES;
				CLANG_WARN_RANGE_LOOP_ANALYSIS = YES;
				CLANG_WARN_STRICT_PROTOTYPES = YES;
				CLANG_WARN_SUSPICIOUS_MOVE = YES;
				CLANG_WARN_UNGUARDED_AVAILABILITY = YES_AGGRESSIVE;
				CLANG_WARN_UNREACHABLE_CODE = YES;
				CLANG_WARN__DUPLICATE_METHOD_MATCH = YES;
				COPY_PHASE_STRIP = NO;
				DEBUG_INFORMATION_FORMAT = dwarf;
				ENABLE_STRICT_OBJC_MSGSEND = YES;
				ENABLE_TESTABILITY = YES;
				GCC_C_LANGUAGE_STANDARD = gnu11;
				GCC_DYNAMIC_NO_PIC = NO;
				GCC_NO_COMMON_BLOCKS = YES;
				GCC_OPTIMIZATION_LEVEL = 0;
				GCC_PREPROCESSOR_DEFINITIONS = (
					"DEBUG=1",
					"$(inherited)",
				);
				GCC_WARN_64_TO_32_BIT_CONVERSION = YES;
				GCC_WARN_ABOUT_RETURN_TYPE = YES_ERROR;
				GCC_WARN_UNDECLARED_SELECTOR = YES;
				GCC_WARN_UNINITIALIZED_AUTOS = YES_AGGRESSIVE;
				GCC_WARN_UNUSED_FUNCTION = YES;
				GCC_WARN_UNUSED_VARIABLE = YES;
				IPHONEOS_DEPLOYMENT_TARGET = 14.2;
				MTL_ENABLE_DEBUG_INFO = INCLUDE_SOURCE;
				MTL_FAST_MATH = YES;
				ONLY_ACTIVE_ARCH = YES;
				SDKROOT = iphoneos;
				SWIFT_ACTIVE_COMPILATION_CONDITIONS = DEBUG;
				SWIFT_OPTIMIZATION_LEVEL = "-Onone";
			};
			name = Debug;
		};
		58134DF92621E4CD0024EB58 /* Release */ = {
			isa = XCBuildConfiguration;
			buildSettings = {
				ALWAYS_SEARCH_USER_PATHS = NO;
				CLANG_ANALYZER_NONNULL = YES;
				CLANG_ANALYZER_NUMBER_OBJECT_CONVERSION = YES_AGGRESSIVE;
				CLANG_CXX_LANGUAGE_STANDARD = "gnu++14";
				CLANG_CXX_LIBRARY = "libc++";
				CLANG_ENABLE_MODULES = YES;
				CLANG_ENABLE_OBJC_ARC = YES;
				CLANG_ENABLE_OBJC_WEAK = YES;
				CLANG_WARN_BLOCK_CAPTURE_AUTORELEASING = YES;
				CLANG_WARN_BOOL_CONVERSION = YES;
				CLANG_WARN_COMMA = YES;
				CLANG_WARN_CONSTANT_CONVERSION = YES;
				CLANG_WARN_DEPRECATED_OBJC_IMPLEMENTATIONS = YES;
				CLANG_WARN_DIRECT_OBJC_ISA_USAGE = YES_ERROR;
				CLANG_WARN_DOCUMENTATION_COMMENTS = YES;
				CLANG_WARN_EMPTY_BODY = YES;
				CLANG_WARN_ENUM_CONVERSION = YES;
				CLANG_WARN_INFINITE_RECURSION = YES;
				CLANG_WARN_INT_CONVERSION = YES;
				CLANG_WARN_NON_LITERAL_NULL_CONVERSION = YES;
				CLANG_WARN_OBJC_IMPLICIT_RETAIN_SELF = YES;
				CLANG_WARN_OBJC_LITERAL_CONVERSION = YES;
				CLANG_WARN_OBJC_ROOT_CLASS = YES_ERROR;
				CLANG_WARN_QUOTED_INCLUDE_IN_FRAMEWORK_HEADER = YES;
				CLANG_WARN_RANGE_LOOP_ANALYSIS = YES;
				CLANG_WARN_STRICT_PROTOTYPES = YES;
				CLANG_WARN_SUSPICIOUS_MOVE = YES;
				CLANG_WARN_UNGUARDED_AVAILABILITY = YES_AGGRESSIVE;
				CLANG_WARN_UNREACHABLE_CODE = YES;
				CLANG_WARN__DUPLICATE_METHOD_MATCH = YES;
				COPY_PHASE_STRIP = NO;
				DEBUG_INFORMATION_FORMAT = "dwarf-with-dsym";
				ENABLE_NS_ASSERTIONS = NO;
				ENABLE_STRICT_OBJC_MSGSEND = YES;
				GCC_C_LANGUAGE_STANDARD = gnu11;
				GCC_NO_COMMON_BLOCKS = YES;
				GCC_WARN_64_TO_32_BIT_CONVERSION = YES;
				GCC_WARN_ABOUT_RETURN_TYPE = YES_ERROR;
				GCC_WARN_UNDECLARED_SELECTOR = YES;
				GCC_WARN_UNINITIALIZED_AUTOS = YES_AGGRESSIVE;
				GCC_WARN_UNUSED_FUNCTION = YES;
				GCC_WARN_UNUSED_VARIABLE = YES;
				IPHONEOS_DEPLOYMENT_TARGET = 14.2;
				MTL_ENABLE_DEBUG_INFO = NO;
				MTL_FAST_MATH = YES;
				SDKROOT = iphoneos;
				SWIFT_COMPILATION_MODE = wholemodule;
				SWIFT_OPTIMIZATION_LEVEL = "-O";
				VALIDATE_PRODUCT = YES;
			};
			name = Release;
		};
		58134DFB2621E4CD0024EB58 /* Debug */ = {
			isa = XCBuildConfiguration;
			buildSettings = {
				ASSETCATALOG_COMPILER_APPICON_NAME = AppIcon;
				ASSETCATALOG_COMPILER_GLOBAL_ACCENT_COLOR_NAME = AccentColor;
				CODE_SIGN_STYLE = Automatic;
				CURRENT_PROJECT_VERSION = 1.0.0;
				INFOPLIST_FILE = "BMS Mobile Assignment/Supporting Files/Info.plist";
				IPHONEOS_DEPLOYMENT_TARGET = 11.0;
				LD_RUNPATH_SEARCH_PATHS = (
					"$(inherited)",
					"@executable_path/Frameworks",
				);
				MARKETING_VERSION = 1.0.0;
				PRODUCT_BUNDLE_IDENTIFIER = "Rahul-Patil.BMS-Mobile-Assignment";
				PRODUCT_NAME = "$(TARGET_NAME)";
				SWIFT_VERSION = 5.0;
				TARGETED_DEVICE_FAMILY = "1,2";
			};
			name = Debug;
		};
		58134DFC2621E4CD0024EB58 /* Release */ = {
			isa = XCBuildConfiguration;
			buildSettings = {
				ASSETCATALOG_COMPILER_APPICON_NAME = AppIcon;
				ASSETCATALOG_COMPILER_GLOBAL_ACCENT_COLOR_NAME = AccentColor;
				CODE_SIGN_STYLE = Automatic;
				CURRENT_PROJECT_VERSION = 1.0.0;
				INFOPLIST_FILE = "BMS Mobile Assignment/Supporting Files/Info.plist";
				IPHONEOS_DEPLOYMENT_TARGET = 11.0;
				LD_RUNPATH_SEARCH_PATHS = (
					"$(inherited)",
					"@executable_path/Frameworks",
				);
				MARKETING_VERSION = 1.0.0;
				PRODUCT_BUNDLE_IDENTIFIER = "Rahul-Patil.BMS-Mobile-Assignment";
				PRODUCT_NAME = "$(TARGET_NAME)";
				SWIFT_VERSION = 5.0;
				TARGETED_DEVICE_FAMILY = "1,2";
			};
			name = Release;
		};
		58134DFE2621E4CD0024EB58 /* Debug */ = {
			isa = XCBuildConfiguration;
			buildSettings = {
				ALWAYS_EMBED_SWIFT_STANDARD_LIBRARIES = YES;
				BUNDLE_LOADER = "$(TEST_HOST)";
				CODE_SIGN_STYLE = Automatic;
				INFOPLIST_FILE = "BMS Mobile AssignmentTests/Info.plist";
				IPHONEOS_DEPLOYMENT_TARGET = 14.2;
				LD_RUNPATH_SEARCH_PATHS = (
					"$(inherited)",
					"@executable_path/Frameworks",
					"@loader_path/Frameworks",
				);
				PRODUCT_BUNDLE_IDENTIFIER = "Rahul-Patil.BMS-Mobile-AssignmentTests";
				PRODUCT_NAME = "$(TARGET_NAME)";
				SWIFT_VERSION = 5.0;
				TARGETED_DEVICE_FAMILY = "1,2";
				TEST_HOST = "$(BUILT_PRODUCTS_DIR)/BMS Mobile Assignment.app/BMS Mobile Assignment";
			};
			name = Debug;
		};
		58134DFF2621E4CD0024EB58 /* Release */ = {
			isa = XCBuildConfiguration;
			buildSettings = {
				ALWAYS_EMBED_SWIFT_STANDARD_LIBRARIES = YES;
				BUNDLE_LOADER = "$(TEST_HOST)";
				CODE_SIGN_STYLE = Automatic;
				INFOPLIST_FILE = "BMS Mobile AssignmentTests/Info.plist";
				IPHONEOS_DEPLOYMENT_TARGET = 14.2;
				LD_RUNPATH_SEARCH_PATHS = (
					"$(inherited)",
					"@executable_path/Frameworks",
					"@loader_path/Frameworks",
				);
				PRODUCT_BUNDLE_IDENTIFIER = "Rahul-Patil.BMS-Mobile-AssignmentTests";
				PRODUCT_NAME = "$(TARGET_NAME)";
				SWIFT_VERSION = 5.0;
				TARGETED_DEVICE_FAMILY = "1,2";
				TEST_HOST = "$(BUILT_PRODUCTS_DIR)/BMS Mobile Assignment.app/BMS Mobile Assignment";
			};
			name = Release;
		};
		58134E012621E4CD0024EB58 /* Debug */ = {
			isa = XCBuildConfiguration;
			buildSettings = {
				ALWAYS_EMBED_SWIFT_STANDARD_LIBRARIES = YES;
				CODE_SIGN_STYLE = Automatic;
				INFOPLIST_FILE = "BMS Mobile AssignmentUITests/Info.plist";
				LD_RUNPATH_SEARCH_PATHS = (
					"$(inherited)",
					"@executable_path/Frameworks",
					"@loader_path/Frameworks",
				);
				PRODUCT_BUNDLE_IDENTIFIER = "Rahul-Patil.BMS-Mobile-AssignmentUITests";
				PRODUCT_NAME = "$(TARGET_NAME)";
				SWIFT_VERSION = 5.0;
				TARGETED_DEVICE_FAMILY = "1,2";
				TEST_TARGET_NAME = "BMS Mobile Assignment";
			};
			name = Debug;
		};
		58134E022621E4CD0024EB58 /* Release */ = {
			isa = XCBuildConfiguration;
			buildSettings = {
				ALWAYS_EMBED_SWIFT_STANDARD_LIBRARIES = YES;
				CODE_SIGN_STYLE = Automatic;
				INFOPLIST_FILE = "BMS Mobile AssignmentUITests/Info.plist";
				LD_RUNPATH_SEARCH_PATHS = (
					"$(inherited)",
					"@executable_path/Frameworks",
					"@loader_path/Frameworks",
				);
				PRODUCT_BUNDLE_IDENTIFIER = "Rahul-Patil.BMS-Mobile-AssignmentUITests";
				PRODUCT_NAME = "$(TARGET_NAME)";
				SWIFT_VERSION = 5.0;
				TARGETED_DEVICE_FAMILY = "1,2";
				TEST_TARGET_NAME = "BMS Mobile Assignment";
			};
			name = Release;
		};
/* End XCBuildConfiguration section */

/* Begin XCConfigurationList section */
		58134DCB2621E4C50024EB58 /* Build configuration list for PBXProject "BMS Mobile Assignment" */ = {
			isa = XCConfigurationList;
			buildConfigurations = (
				58134DF82621E4CD0024EB58 /* Debug */,
				58134DF92621E4CD0024EB58 /* Release */,
			);
			defaultConfigurationIsVisible = 0;
			defaultConfigurationName = Release;
		};
		58134DFA2621E4CD0024EB58 /* Build configuration list for PBXNativeTarget "BMS Mobile Assignment" */ = {
			isa = XCConfigurationList;
			buildConfigurations = (
				58134DFB2621E4CD0024EB58 /* Debug */,
				58134DFC2621E4CD0024EB58 /* Release */,
			);
			defaultConfigurationIsVisible = 0;
			defaultConfigurationName = Release;
		};
		58134DFD2621E4CD0024EB58 /* Build configuration list for PBXNativeTarget "BMS Mobile AssignmentTests" */ = {
			isa = XCConfigurationList;
			buildConfigurations = (
				58134DFE2621E4CD0024EB58 /* Debug */,
				58134DFF2621E4CD0024EB58 /* Release */,
			);
			defaultConfigurationIsVisible = 0;
			defaultConfigurationName = Release;
		};
		58134E002621E4CD0024EB58 /* Build configuration list for PBXNativeTarget "BMS Mobile AssignmentUITests" */ = {
			isa = XCConfigurationList;
			buildConfigurations = (
				58134E012621E4CD0024EB58 /* Debug */,
				58134E022621E4CD0024EB58 /* Release */,
			);
			defaultConfigurationIsVisible = 0;
			defaultConfigurationName = Release;
		};
/* End XCConfigurationList section */
	};
	rootObject = 58134DC82621E4C50024EB58 /* Project object */;
}
